
Microsoft Visual Studio Solution File, Format Version 12.00
# Visual Studio 15
VisualStudioVersion = 15.0.28010.2041
MinimumVisualStudioVersion = 10.0.40219.1
Project("{FAE04EC0-301F-11D3-BF4B-00C04F79EFBC}") = "EDLogWatcher", "EDLogWatcher\EDLogWatcher.csproj", "{14EBFB33-0CCA-496D-A26C-C684F2F93DC4}"
EndProject
Project("{FAE04EC0-301F-11D3-BF4B-00C04F79EFBC}") = "EDSMSynchro", "EDSMSynchro\EDSMSynchro.csproj", "{9EB0E63C-B6E9-4D73-99B9-223D4A200E15}"
EndProject
Project("{FAE04EC0-301F-11D3-BF4B-00C04F79EFBC}") = "EDSMSimpleSync", "EDSMSimpleSync\EDSMSimpleSync.csproj", "{739888EE-EA2D-4031-A32C-CBB1B3978E95}"
EndProject
Project("{FAE04EC0-301F-11D3-BF4B-00C04F79EFBC}") = "EDSMDomain", "EDSMDomain\EDSMDomain.csproj", "{68AB7525-CA08-4266-B735-3BE617C2DA19}"
EndProject
Project("{FAE04EC0-301F-11D3-BF4B-00C04F79EFBC}") = "EDSMDomain.Tests", "EDSMDomain.Tests\EDSMDomain.Tests.csproj", "{F61046CB-E28D-461D-944E-13A2F485797D}"
EndProject
Project("{FAE04EC0-301F-11D3-BF4B-00C04F79EFBC}") = "EDUploader", "EDUploader\EDUploader.csproj", "{5C64B9AF-C25A-4DC1-A6B1-6889096A07C3}"
EndProject
Project("{FAE04EC0-301F-11D3-BF4B-00C04F79EFBC}") = "SyncInara", "SyncInara\SyncInara.csproj", "{99881E0C-3238-4736-935C-9D2EBCA09218}"
EndProject
Global
	GlobalSection(SolutionConfigurationPlatforms) = preSolution
		Debug|Any CPU = Debug|Any CPU
		Debug|ARM = Debug|ARM
		Debug|x64 = Debug|x64
		Debug|x86 = Debug|x86
		Release|Any CPU = Release|Any CPU
		Release|ARM = Release|ARM
		Release|x64 = Release|x64
		Release|x86 = Release|x86
	EndGlobalSection
	GlobalSection(ProjectConfigurationPlatforms) = postSolution
		{14EBFB33-0CCA-496D-A26C-C684F2F93DC4}.Debug|Any CPU.ActiveCfg = Debug|Any CPU
		{14EBFB33-0CCA-496D-A26C-C684F2F93DC4}.Debug|Any CPU.Build.0 = Debug|Any CPU
		{14EBFB33-0CCA-496D-A26C-C684F2F93DC4}.Debug|ARM.ActiveCfg = Debug|Any CPU
		{14EBFB33-0CCA-496D-A26C-C684F2F93DC4}.Debug|ARM.Build.0 = Debug|Any CPU
		{14EBFB33-0CCA-496D-A26C-C684F2F93DC4}.Debug|x64.ActiveCfg = Debug|Any CPU
		{14EBFB33-0CCA-496D-A26C-C684F2F93DC4}.Debug|x64.Build.0 = Debug|Any CPU
		{14EBFB33-0CCA-496D-A26C-C684F2F93DC4}.Debug|x86.ActiveCfg = Debug|Any CPU
		{14EBFB33-0CCA-496D-A26C-C684F2F93DC4}.Debug|x86.Build.0 = Debug|Any CPU
		{14EBFB33-0CCA-496D-A26C-C684F2F93DC4}.Release|Any CPU.ActiveCfg = Release|Any CPU
		{14EBFB33-0CCA-496D-A26C-C684F2F93DC4}.Release|Any CPU.Build.0 = Release|Any CPU
		{14EBFB33-0CCA-496D-A26C-C684F2F93DC4}.Release|ARM.ActiveCfg = Release|Any CPU
		{14EBFB33-0CCA-496D-A26C-C684F2F93DC4}.Release|ARM.Build.0 = Release|Any CPU
		{14EBFB33-0CCA-496D-A26C-C684F2F93DC4}.Release|x64.ActiveCfg = Release|Any CPU
		{14EBFB33-0CCA-496D-A26C-C684F2F93DC4}.Release|x64.Build.0 = Release|Any CPU
		{14EBFB33-0CCA-496D-A26C-C684F2F93DC4}.Release|x86.ActiveCfg = Release|Any CPU
		{14EBFB33-0CCA-496D-A26C-C684F2F93DC4}.Release|x86.Build.0 = Release|Any CPU
		{9EB0E63C-B6E9-4D73-99B9-223D4A200E15}.Debug|Any CPU.ActiveCfg = Debug|Any CPU
		{9EB0E63C-B6E9-4D73-99B9-223D4A200E15}.Debug|Any CPU.Build.0 = Debug|Any CPU
		{9EB0E63C-B6E9-4D73-99B9-223D4A200E15}.Debug|ARM.ActiveCfg = Debug|Any CPU
		{9EB0E63C-B6E9-4D73-99B9-223D4A200E15}.Debug|ARM.Build.0 = Debug|Any CPU
		{9EB0E63C-B6E9-4D73-99B9-223D4A200E15}.Debug|x64.ActiveCfg = Debug|Any CPU
		{9EB0E63C-B6E9-4D73-99B9-223D4A200E15}.Debug|x64.Build.0 = Debug|Any CPU
		{9EB0E63C-B6E9-4D73-99B9-223D4A200E15}.Debug|x86.ActiveCfg = Debug|Any CPU
		{9EB0E63C-B6E9-4D73-99B9-223D4A200E15}.Debug|x86.Build.0 = Debug|Any CPU
		{9EB0E63C-B6E9-4D73-99B9-223D4A200E15}.Release|Any CPU.ActiveCfg = Release|Any CPU
		{9EB0E63C-B6E9-4D73-99B9-223D4A200E15}.Release|Any CPU.Build.0 = Release|Any CPU
		{9EB0E63C-B6E9-4D73-99B9-223D4A200E15}.Release|ARM.ActiveCfg = Release|Any CPU
		{9EB0E63C-B6E9-4D73-99B9-223D4A200E15}.Release|ARM.Build.0 = Release|Any CPU
		{9EB0E63C-B6E9-4D73-99B9-223D4A200E15}.Release|x64.ActiveCfg = Release|Any CPU
		{9EB0E63C-B6E9-4D73-99B9-223D4A200E15}.Release|x64.Build.0 = Release|Any CPU
		{9EB0E63C-B6E9-4D73-99B9-223D4A200E15}.Release|x86.ActiveCfg = Release|Any CPU
		{9EB0E63C-B6E9-4D73-99B9-223D4A200E15}.Release|x86.Build.0 = Release|Any CPU
		{739888EE-EA2D-4031-A32C-CBB1B3978E95}.Debug|Any CPU.ActiveCfg = Debug|Any CPU
		{739888EE-EA2D-4031-A32C-CBB1B3978E95}.Debug|Any CPU.Build.0 = Debug|Any CPU
		{739888EE-EA2D-4031-A32C-CBB1B3978E95}.Debug|ARM.ActiveCfg = Debug|Any CPU
		{739888EE-EA2D-4031-A32C-CBB1B3978E95}.Debug|ARM.Build.0 = Debug|Any CPU
		{739888EE-EA2D-4031-A32C-CBB1B3978E95}.Debug|x64.ActiveCfg = Debug|Any CPU
		{739888EE-EA2D-4031-A32C-CBB1B3978E95}.Debug|x64.Build.0 = Debug|Any CPU
		{739888EE-EA2D-4031-A32C-CBB1B3978E95}.Debug|x86.ActiveCfg = Debug|Any CPU
		{739888EE-EA2D-4031-A32C-CBB1B3978E95}.Debug|x86.Build.0 = Debug|Any CPU
		{739888EE-EA2D-4031-A32C-CBB1B3978E95}.Release|Any CPU.ActiveCfg = Release|Any CPU
		{739888EE-EA2D-4031-A32C-CBB1B3978E95}.Release|Any CPU.Build.0 = Release|Any CPU
		{739888EE-EA2D-4031-A32C-CBB1B3978E95}.Release|ARM.ActiveCfg = Release|Any CPU
		{739888EE-EA2D-4031-A32C-CBB1B3978E95}.Release|ARM.Build.0 = Release|Any CPU
		{739888EE-EA2D-4031-A32C-CBB1B3978E95}.Release|x64.ActiveCfg = Release|Any CPU
		{739888EE-EA2D-4031-A32C-CBB1B3978E95}.Release|x64.Build.0 = Release|Any CPU
		{739888EE-EA2D-4031-A32C-CBB1B3978E95}.Release|x86.ActiveCfg = Release|Any CPU
		{739888EE-EA2D-4031-A32C-CBB1B3978E95}.Release|x86.Build.0 = Release|Any CPU
		{68AB7525-CA08-4266-B735-3BE617C2DA19}.Debug|Any CPU.ActiveCfg = Debug|Any CPU
		{68AB7525-CA08-4266-B735-3BE617C2DA19}.Debug|Any CPU.Build.0 = Debug|Any CPU
		{68AB7525-CA08-4266-B735-3BE617C2DA19}.Debug|ARM.ActiveCfg = Debug|Any CPU
		{68AB7525-CA08-4266-B735-3BE617C2DA19}.Debug|ARM.Build.0 = Debug|Any CPU
		{68AB7525-CA08-4266-B735-3BE617C2DA19}.Debug|x64.ActiveCfg = Debug|Any CPU
		{68AB7525-CA08-4266-B735-3BE617C2DA19}.Debug|x64.Build.0 = Debug|Any CPU
		{68AB7525-CA08-4266-B735-3BE617C2DA19}.Debug|x86.ActiveCfg = Debug|Any CPU
		{68AB7525-CA08-4266-B735-3BE617C2DA19}.Debug|x86.Build.0 = Debug|Any CPU
		{68AB7525-CA08-4266-B735-3BE617C2DA19}.Release|Any CPU.ActiveCfg = Release|Any CPU
		{68AB7525-CA08-4266-B735-3BE617C2DA19}.Release|Any CPU.Build.0 = Release|Any CPU
		{68AB7525-CA08-4266-B735-3BE617C2DA19}.Release|ARM.ActiveCfg = Release|Any CPU
		{68AB7525-CA08-4266-B735-3BE617C2DA19}.Release|ARM.Build.0 = Release|Any CPU
		{68AB7525-CA08-4266-B735-3BE617C2DA19}.Release|x64.ActiveCfg = Release|Any CPU
		{68AB7525-CA08-4266-B735-3BE617C2DA19}.Release|x64.Build.0 = Release|Any CPU
		{68AB7525-CA08-4266-B735-3BE617C2DA19}.Release|x86.ActiveCfg = Release|Any CPU
		{68AB7525-CA08-4266-B735-3BE617C2DA19}.Release|x86.Build.0 = Release|Any CPU
		{F61046CB-E28D-461D-944E-13A2F485797D}.Debug|Any CPU.ActiveCfg = Debug|Any CPU
		{F61046CB-E28D-461D-944E-13A2F485797D}.Debug|Any CPU.Build.0 = Debug|Any CPU
		{F61046CB-E28D-461D-944E-13A2F485797D}.Debug|ARM.ActiveCfg = Debug|Any CPU
		{F61046CB-E28D-461D-944E-13A2F485797D}.Debug|ARM.Build.0 = Debug|Any CPU
		{F61046CB-E28D-461D-944E-13A2F485797D}.Debug|x64.ActiveCfg = Debug|Any CPU
		{F61046CB-E28D-461D-944E-13A2F485797D}.Debug|x64.Build.0 = Debug|Any CPU
		{F61046CB-E28D-461D-944E-13A2F485797D}.Debug|x86.ActiveCfg = Debug|Any CPU
		{F61046CB-E28D-461D-944E-13A2F485797D}.Debug|x86.Build.0 = Debug|Any CPU
		{F61046CB-E28D-461D-944E-13A2F485797D}.Release|Any CPU.ActiveCfg = Release|Any CPU
		{F61046CB-E28D-461D-944E-13A2F485797D}.Release|Any CPU.Build.0 = Release|Any CPU
		{F61046CB-E28D-461D-944E-13A2F485797D}.Release|ARM.ActiveCfg = Release|Any CPU
		{F61046CB-E28D-461D-944E-13A2F485797D}.Release|ARM.Build.0 = Release|Any CPU
		{F61046CB-E28D-461D-944E-13A2F485797D}.Release|x64.ActiveCfg = Release|Any CPU
		{F61046CB-E28D-461D-944E-13A2F485797D}.Release|x64.Build.0 = Release|Any CPU
		{F61046CB-E28D-461D-944E-13A2F485797D}.Release|x86.ActiveCfg = Release|Any CPU
		{F61046CB-E28D-461D-944E-13A2F485797D}.Release|x86.Build.0 = Release|Any CPU
		{5C64B9AF-C25A-4DC1-A6B1-6889096A07C3}.Debug|Any CPU.ActiveCfg = Debug|Any CPU
		{5C64B9AF-C25A-4DC1-A6B1-6889096A07C3}.Debug|Any CPU.Build.0 = Debug|Any CPU
		{5C64B9AF-C25A-4DC1-A6B1-6889096A07C3}.Debug|ARM.ActiveCfg = Debug|Any CPU
		{5C64B9AF-C25A-4DC1-A6B1-6889096A07C3}.Debug|ARM.Build.0 = Debug|Any CPU
		{5C64B9AF-C25A-4DC1-A6B1-6889096A07C3}.Debug|x64.ActiveCfg = Debug|Any CPU
		{5C64B9AF-C25A-4DC1-A6B1-6889096A07C3}.Debug|x64.Build.0 = Debug|Any CPU
		{5C64B9AF-C25A-4DC1-A6B1-6889096A07C3}.Debug|x86.ActiveCfg = Debug|Any CPU
		{5C64B9AF-C25A-4DC1-A6B1-6889096A07C3}.Debug|x86.Build.0 = Debug|Any CPU
		{5C64B9AF-C25A-4DC1-A6B1-6889096A07C3}.Release|Any CPU.ActiveCfg = Release|Any CPU
		{5C64B9AF-C25A-4DC1-A6B1-6889096A07C3}.Release|Any CPU.Build.0 = Release|Any CPU
		{5C64B9AF-C25A-4DC1-A6B1-6889096A07C3}.Release|ARM.ActiveCfg = Release|Any CPU
		{5C64B9AF-C25A-4DC1-A6B1-6889096A07C3}.Release|ARM.Build.0 = Release|Any CPU
		{5C64B9AF-C25A-4DC1-A6B1-6889096A07C3}.Release|x64.ActiveCfg = Release|Any CPU
		{5C64B9AF-C25A-4DC1-A6B1-6889096A07C3}.Release|x64.Build.0 = Release|Any CPU
		{5C64B9AF-C25A-4DC1-A6B1-6889096A07C3}.Release|x86.ActiveCfg = Release|Any CPU
		{5C64B9AF-C25A-4DC1-A6B1-6889096A07C3}.Release|x86.Build.0 = Release|Any CPU
		{99881E0C-3238-4736-935C-9D2EBCA09218}.Debug|Any CPU.ActiveCfg = Debug|Any CPU
		{99881E0C-3238-4736-935C-9D2EBCA09218}.Debug|Any CPU.Build.0 = Debug|Any CPU
		{99881E0C-3238-4736-935C-9D2EBCA09218}.Debug|ARM.ActiveCfg = Debug|Any CPU
		{99881E0C-3238-4736-935C-9D2EBCA09218}.Debug|ARM.Build.0 = Debug|Any CPU
		{99881E0C-3238-4736-935C-9D2EBCA09218}.Debug|x64.ActiveCfg = Debug|Any CPU
		{99881E0C-3238-4736-935C-9D2EBCA09218}.Debug|x64.Build.0 = Debug|Any CPU
		{99881E0C-3238-4736-935C-9D2EBCA09218}.Debug|x86.ActiveCfg = Debug|Any CPU
		{99881E0C-3238-4736-935C-9D2EBCA09218}.Debug|x86.Build.0 = Debug|Any CPU
		{99881E0C-3238-4736-935C-9D2EBCA09218}.Release|Any CPU.ActiveCfg = Release|Any CPU
		{99881E0C-3238-4736-935C-9D2EBCA09218}.Release|Any CPU.Build.0 = Release|Any CPU
		{99881E0C-3238-4736-935C-9D2EBCA09218}.Release|ARM.ActiveCfg = Release|Any CPU
		{99881E0C-3238-4736-935C-9D2EBCA09218}.Release|ARM.Build.0 = Release|Any CPU
		{99881E0C-3238-4736-935C-9D2EBCA09218}.Release|x64.ActiveCfg = Release|Any CPU
		{99881E0C-3238-4736-935C-9D2EBCA09218}.Release|x64.Build.0 = Release|Any CPU
		{99881E0C-3238-4736-935C-9D2EBCA09218}.Release|x86.ActiveCfg = Release|Any CPU
		{99881E0C-3238-4736-935C-9D2EBCA09218}.Release|x86.Build.0 = Release|Any CPU
	EndGlobalSection
	GlobalSection(SolutionProperties) = preSolution
		HideSolutionNode = FALSE
	EndGlobalSection
	GlobalSection(ExtensibilityGlobals) = postSolution
		SolutionGuid = {85E94BE2-A69A-440A-8180-A31B432A687C}
	EndGlobalSection
EndGlobal
