
Microsoft Visual Studio Solution File, Format Version 12.00
# Visual Studio 15
VisualStudioVersion = 15.0.28010.2041
MinimumVisualStudioVersion = 10.0.40219.1
Project("{FAE04EC0-301F-11D3-BF4B-00C04F79EFBC}") = "EDLogs", "EDLogs\EDLogs.csproj", "{DBCDBFC3-55FC-4C0E-9B7C-1DFE0C849EB9}"
EndProject
Global
	GlobalSection(SolutionConfigurationPlatforms) = preSolution
		Debug|Any CPU = Debug|Any CPU
		Release|Any CPU = Release|Any CPU
	EndGlobalSection
	GlobalSection(ProjectConfigurationPlatforms) = postSolution
		{DBCDBFC3-55FC-4C0E-9B7C-1DFE0C849EB9}.Debug|Any CPU.ActiveCfg = Debug|Any CPU
		{DBCDBFC3-55FC-4C0E-9B7C-1DFE0C849EB9}.Debug|Any CPU.Build.0 = Debug|Any CPU
		{DBCDBFC3-55FC-4C0E-9B7C-1DFE0C849EB9}.Release|Any CPU.ActiveCfg = Release|Any CPU
		{DBCDBFC3-55FC-4C0E-9B7C-1DFE0C849EB9}.Release|Any CPU.Build.0 = Release|Any CPU
	EndGlobalSection
	GlobalSection(SolutionProperties) = preSolution
		HideSolutionNode = FALSE
	EndGlobalSection
	GlobalSection(ExtensibilityGlobals) = postSolution
		SolutionGuid = {85E94BE2-A69A-440A-8180-A31B432A687C}
	EndGlobalSection
EndGlobal
